// !$*UTF8*$!
{
	archiveVersion = 1;
	classes = {
	};
	objectVersion = 46;
	objects = {

/* Begin PBXBuildFile section */
		2B0455F61F1859EC005D8D82 /* L5Player.framework in Frameworks */ = {isa = PBXBuildFile; fileRef = 2B0455EC1F1859EC005D8D82 /* L5Player.framework */; };
		2B0455FB1F1859EC005D8D82 /* L5PlayerTests.swift in Sources */ = {isa = PBXBuildFile; fileRef = 2B0455FA1F1859EC005D8D82 /* L5PlayerTests.swift */; };
		2B0455FD1F1859EC005D8D82 /* L5Player.h in Headers */ = {isa = PBXBuildFile; fileRef = 2B0455EF1F1859EC005D8D82 /* L5Player.h */; settings = {ATTRIBUTES = (Public, ); }; };
		2B04560D1F185A35005D8D82 /* AppDelegate.swift in Sources */ = {isa = PBXBuildFile; fileRef = 2B04560C1F185A35005D8D82 /* AppDelegate.swift */; };
		2B04560F1F185A35005D8D82 /* ViewController.swift in Sources */ = {isa = PBXBuildFile; fileRef = 2B04560E1F185A35005D8D82 /* ViewController.swift */; };
		2B0456121F185A35005D8D82 /* Main.storyboard in Resources */ = {isa = PBXBuildFile; fileRef = 2B0456101F185A35005D8D82 /* Main.storyboard */; };
		2B0456141F185A35005D8D82 /* Assets.xcassets in Resources */ = {isa = PBXBuildFile; fileRef = 2B0456131F185A35005D8D82 /* Assets.xcassets */; };
		2B0456171F185A35005D8D82 /* LaunchScreen.storyboard in Resources */ = {isa = PBXBuildFile; fileRef = 2B0456151F185A35005D8D82 /* LaunchScreen.storyboard */; };
		2B6DBA4D1F204588004A68AA /* L5PreloadingManagerProtocol.swift in Sources */ = {isa = PBXBuildFile; fileRef = 2B6DBA4C1F204588004A68AA /* L5PreloadingManagerProtocol.swift */; };
		78B356C61F1FBACD007EBA17 /* L5PreloaderProtocol.swift in Sources */ = {isa = PBXBuildFile; fileRef = 78B356C51F1FBACD007EBA17 /* L5PreloaderProtocol.swift */; };
		78B356C81F1FBC33007EBA17 /* L5Asset.swift in Sources */ = {isa = PBXBuildFile; fileRef = 78B356C71F1FBC33007EBA17 /* L5Asset.swift */; };
		78B356CA1F1FBDEB007EBA17 /* L5PreemptiveBufferPreloader.swift in Sources */ = {isa = PBXBuildFile; fileRef = 78B356C91F1FBDEB007EBA17 /* L5PreemptiveBufferPreloader.swift */; };
		78B356CD1F1FCB76007EBA17 /* SwiftyBeaver.framework in Frameworks */ = {isa = PBXBuildFile; fileRef = 78B356CC1F1FCB76007EBA17 /* SwiftyBeaver.framework */; };
		78B356CF1F1FCBB3007EBA17 /* L5PlayerBootstrap.swift in Sources */ = {isa = PBXBuildFile; fileRef = 78B356CE1F1FCBB3007EBA17 /* L5PlayerBootstrap.swift */; };
		78B356D11F1FCC36007EBA17 /* L5AssetStatus.swift in Sources */ = {isa = PBXBuildFile; fileRef = 78B356D01F1FCC36007EBA17 /* L5AssetStatus.swift */; };
		78B356D51F1FED28007EBA17 /* L5CommonPreloadingManager.swift in Sources */ = {isa = PBXBuildFile; fileRef = 78B356D41F1FED28007EBA17 /* L5CommonPreloadingManager.swift */; };
/* End PBXBuildFile section */

/* Begin PBXContainerItemProxy section */
		2B0455F71F1859EC005D8D82 /* PBXContainerItemProxy */ = {
			isa = PBXContainerItemProxy;
			containerPortal = 2B0455E31F1859EC005D8D82 /* Project object */;
			proxyType = 1;
			remoteGlobalIDString = 2B0455EB1F1859EC005D8D82;
			remoteInfo = L5Player;
		};
/* End PBXContainerItemProxy section */

/* Begin PBXFileReference section */
		2B0455EC1F1859EC005D8D82 /* L5Player.framework */ = {isa = PBXFileReference; explicitFileType = wrapper.framework; includeInIndex = 0; path = L5Player.framework; sourceTree = BUILT_PRODUCTS_DIR; };
		2B0455EF1F1859EC005D8D82 /* L5Player.h */ = {isa = PBXFileReference; lastKnownFileType = sourcecode.c.h; path = L5Player.h; sourceTree = "<group>"; };
		2B0455F01F1859EC005D8D82 /* Info.plist */ = {isa = PBXFileReference; lastKnownFileType = text.plist.xml; path = Info.plist; sourceTree = "<group>"; };
		2B0455F51F1859EC005D8D82 /* L5PlayerTests.xctest */ = {isa = PBXFileReference; explicitFileType = wrapper.cfbundle; includeInIndex = 0; path = L5PlayerTests.xctest; sourceTree = BUILT_PRODUCTS_DIR; };
		2B0455FA1F1859EC005D8D82 /* L5PlayerTests.swift */ = {isa = PBXFileReference; lastKnownFileType = sourcecode.swift; path = L5PlayerTests.swift; sourceTree = "<group>"; };
		2B0455FC1F1859EC005D8D82 /* Info.plist */ = {isa = PBXFileReference; lastKnownFileType = text.plist.xml; path = Info.plist; sourceTree = "<group>"; };
		2B04560A1F185A35005D8D82 /* DemoPlayer.app */ = {isa = PBXFileReference; explicitFileType = wrapper.application; includeInIndex = 0; path = DemoPlayer.app; sourceTree = BUILT_PRODUCTS_DIR; };
		2B04560C1F185A35005D8D82 /* AppDelegate.swift */ = {isa = PBXFileReference; lastKnownFileType = sourcecode.swift; path = AppDelegate.swift; sourceTree = "<group>"; };
		2B04560E1F185A35005D8D82 /* ViewController.swift */ = {isa = PBXFileReference; lastKnownFileType = sourcecode.swift; path = ViewController.swift; sourceTree = "<group>"; };
		2B0456111F185A35005D8D82 /* Base */ = {isa = PBXFileReference; lastKnownFileType = file.storyboard; name = Base; path = Base.lproj/Main.storyboard; sourceTree = "<group>"; };
		2B0456131F185A35005D8D82 /* Assets.xcassets */ = {isa = PBXFileReference; lastKnownFileType = folder.assetcatalog; path = Assets.xcassets; sourceTree = "<group>"; };
		2B0456161F185A35005D8D82 /* Base */ = {isa = PBXFileReference; lastKnownFileType = file.storyboard; name = Base; path = Base.lproj/LaunchScreen.storyboard; sourceTree = "<group>"; };
		2B0456181F185A35005D8D82 /* Info.plist */ = {isa = PBXFileReference; lastKnownFileType = text.plist.xml; path = Info.plist; sourceTree = "<group>"; };
		2B6DBA4C1F204588004A68AA /* L5PreloadingManagerProtocol.swift */ = {isa = PBXFileReference; fileEncoding = 4; lastKnownFileType = sourcecode.swift; name = L5PreloadingManagerProtocol.swift; path = PreloadingManagement/L5PreloadingManagerProtocol.swift; sourceTree = "<group>"; };
		78B356C51F1FBACD007EBA17 /* L5PreloaderProtocol.swift */ = {isa = PBXFileReference; fileEncoding = 4; lastKnownFileType = sourcecode.swift; name = L5PreloaderProtocol.swift; path = Preloaders/L5PreloaderProtocol.swift; sourceTree = "<group>"; };
		78B356C71F1FBC33007EBA17 /* L5Asset.swift */ = {isa = PBXFileReference; fileEncoding = 4; lastKnownFileType = sourcecode.swift; path = L5Asset.swift; sourceTree = "<group>"; };
		78B356C91F1FBDEB007EBA17 /* L5PreemptiveBufferPreloader.swift */ = {isa = PBXFileReference; fileEncoding = 4; lastKnownFileType = sourcecode.swift; name = L5PreemptiveBufferPreloader.swift; path = Preloaders/L5PreemptiveBufferPreloader.swift; sourceTree = "<group>"; };
		78B356CC1F1FCB76007EBA17 /* SwiftyBeaver.framework */ = {isa = PBXFileReference; lastKnownFileType = wrapper.framework; name = SwiftyBeaver.framework; path = Carthage/Build/iOS/SwiftyBeaver.framework; sourceTree = "<group>"; };
		78B356CE1F1FCBB3007EBA17 /* L5PlayerBootstrap.swift */ = {isa = PBXFileReference; fileEncoding = 4; lastKnownFileType = sourcecode.swift; path = L5PlayerBootstrap.swift; sourceTree = "<group>"; };
		78B356D01F1FCC36007EBA17 /* L5AssetStatus.swift */ = {isa = PBXFileReference; fileEncoding = 4; lastKnownFileType = sourcecode.swift; path = L5AssetStatus.swift; sourceTree = "<group>"; };
		78B356D41F1FED28007EBA17 /* L5CommonPreloadingManager.swift */ = {isa = PBXFileReference; fileEncoding = 4; lastKnownFileType = sourcecode.swift; name = L5CommonPreloadingManager.swift; path = PreloadingManagement/L5CommonPreloadingManager.swift; sourceTree = "<group>"; };
/* End PBXFileReference section */

/* Begin PBXFrameworksBuildPhase section */
		2B0455E81F1859EC005D8D82 /* Frameworks */ = {
			isa = PBXFrameworksBuildPhase;
			buildActionMask = 2147483647;
			files = (
				78B356CD1F1FCB76007EBA17 /* SwiftyBeaver.framework in Frameworks */,
			);
			runOnlyForDeploymentPostprocessing = 0;
		};
		2B0455F21F1859EC005D8D82 /* Frameworks */ = {
			isa = PBXFrameworksBuildPhase;
			buildActionMask = 2147483647;
			files = (
				2B0455F61F1859EC005D8D82 /* L5Player.framework in Frameworks */,
			);
			runOnlyForDeploymentPostprocessing = 0;
		};
		2B0456071F185A35005D8D82 /* Frameworks */ = {
			isa = PBXFrameworksBuildPhase;
			buildActionMask = 2147483647;
			files = (
			);
			runOnlyForDeploymentPostprocessing = 0;
		};
/* End PBXFrameworksBuildPhase section */

/* Begin PBXGroup section */
		2B0455E21F1859EC005D8D82 = {
			isa = PBXGroup;
			children = (
				2B0455EE1F1859EC005D8D82 /* L5Player */,
				2B0455F91F1859EC005D8D82 /* L5PlayerTests */,
				2B04560B1F185A35005D8D82 /* DemoPlayer */,
				2B0455ED1F1859EC005D8D82 /* Products */,
				78B356CB1F1FCB3B007EBA17 /* Frameworks */,
			);
			sourceTree = "<group>";
		};
		2B0455ED1F1859EC005D8D82 /* Products */ = {
			isa = PBXGroup;
			children = (
				2B0455EC1F1859EC005D8D82 /* L5Player.framework */,
				2B0455F51F1859EC005D8D82 /* L5PlayerTests.xctest */,
				2B04560A1F185A35005D8D82 /* DemoPlayer.app */,
			);
			name = Products;
			sourceTree = "<group>";
		};
		2B0455EE1F1859EC005D8D82 /* L5Player */ = {
			isa = PBXGroup;
			children = (
				78B356CE1F1FCBB3007EBA17 /* L5PlayerBootstrap.swift */,
				78B356D31F1FE90B007EBA17 /* Model */,
				78B356D21F1FE8FD007EBA17 /* Preloading Management */,
				78B356C41F1FBA9A007EBA17 /* Preloaders */,
				2B0455EF1F1859EC005D8D82 /* L5Player.h */,
				2B0455F01F1859EC005D8D82 /* Info.plist */,
			);
			path = L5Player;
			sourceTree = "<group>";
		};
		2B0455F91F1859EC005D8D82 /* L5PlayerTests */ = {
			isa = PBXGroup;
			children = (
				2B0455FA1F1859EC005D8D82 /* L5PlayerTests.swift */,
				2B0455FC1F1859EC005D8D82 /* Info.plist */,
			);
			path = L5PlayerTests;
			sourceTree = "<group>";
		};
		2B04560B1F185A35005D8D82 /* DemoPlayer */ = {
			isa = PBXGroup;
			children = (
				2B04560C1F185A35005D8D82 /* AppDelegate.swift */,
				2B04560E1F185A35005D8D82 /* ViewController.swift */,
				2B0456101F185A35005D8D82 /* Main.storyboard */,
				2B0456131F185A35005D8D82 /* Assets.xcassets */,
				2B0456151F185A35005D8D82 /* LaunchScreen.storyboard */,
				2B0456181F185A35005D8D82 /* Info.plist */,
			);
			path = DemoPlayer;
			sourceTree = "<group>";
		};
		78B356C41F1FBA9A007EBA17 /* Preloaders */ = {
			isa = PBXGroup;
			children = (
				78B356C51F1FBACD007EBA17 /* L5PreloaderProtocol.swift */,
				78B356C91F1FBDEB007EBA17 /* L5PreemptiveBufferPreloader.swift */,
			);
			name = Preloaders;
			sourceTree = "<group>";
		};
		78B356CB1F1FCB3B007EBA17 /* Frameworks */ = {
			isa = PBXGroup;
			children = (
				78B356CC1F1FCB76007EBA17 /* SwiftyBeaver.framework */,
			);
			name = Frameworks;
			sourceTree = "<group>";
		};
		78B356D21F1FE8FD007EBA17 /* Preloading Management */ = {
			isa = PBXGroup;
			children = (
				2B6DBA4C1F204588004A68AA /* L5PreloadingManagerProtocol.swift */,
				78B356D41F1FED28007EBA17 /* L5CommonPreloadingManager.swift */,
			);
			name = "Preloading Management";
			sourceTree = "<group>";
		};
		78B356D31F1FE90B007EBA17 /* Model */ = {
			isa = PBXGroup;
			children = (
				78B356C71F1FBC33007EBA17 /* L5Asset.swift */,
				78B356D01F1FCC36007EBA17 /* L5AssetStatus.swift */,
			);
			name = Model;
			sourceTree = "<group>";
		};
/* End PBXGroup section */

/* Begin PBXHeadersBuildPhase section */
		2B0455E91F1859EC005D8D82 /* Headers */ = {
			isa = PBXHeadersBuildPhase;
			buildActionMask = 2147483647;
			files = (
				2B0455FD1F1859EC005D8D82 /* L5Player.h in Headers */,
			);
			runOnlyForDeploymentPostprocessing = 0;
		};
/* End PBXHeadersBuildPhase section */

/* Begin PBXNativeTarget section */
		2B0455EB1F1859EC005D8D82 /* L5Player */ = {
			isa = PBXNativeTarget;
			buildConfigurationList = 2B0456001F1859EC005D8D82 /* Build configuration list for PBXNativeTarget "L5Player" */;
			buildPhases = (
				2B0455E71F1859EC005D8D82 /* Sources */,
				2B0455E81F1859EC005D8D82 /* Frameworks */,
				2B0455E91F1859EC005D8D82 /* Headers */,
				2B0455EA1F1859EC005D8D82 /* Resources */,
			);
			buildRules = (
			);
			dependencies = (
			);
			name = L5Player;
			productName = L5Player;
			productReference = 2B0455EC1F1859EC005D8D82 /* L5Player.framework */;
			productType = "com.apple.product-type.framework";
		};
		2B0455F41F1859EC005D8D82 /* L5PlayerTests */ = {
			isa = PBXNativeTarget;
			buildConfigurationList = 2B0456031F1859EC005D8D82 /* Build configuration list for PBXNativeTarget "L5PlayerTests" */;
			buildPhases = (
				2B0455F11F1859EC005D8D82 /* Sources */,
				2B0455F21F1859EC005D8D82 /* Frameworks */,
				2B0455F31F1859EC005D8D82 /* Resources */,
			);
			buildRules = (
			);
			dependencies = (
				2B0455F81F1859EC005D8D82 /* PBXTargetDependency */,
			);
			name = L5PlayerTests;
			productName = L5PlayerTests;
			productReference = 2B0455F51F1859EC005D8D82 /* L5PlayerTests.xctest */;
			productType = "com.apple.product-type.bundle.unit-test";
		};
		2B0456091F185A35005D8D82 /* DemoPlayer */ = {
			isa = PBXNativeTarget;
			buildConfigurationList = 2B0456191F185A35005D8D82 /* Build configuration list for PBXNativeTarget "DemoPlayer" */;
			buildPhases = (
				2B0456061F185A35005D8D82 /* Sources */,
				2B0456071F185A35005D8D82 /* Frameworks */,
				2B0456081F185A35005D8D82 /* Resources */,
			);
			buildRules = (
			);
			dependencies = (
			);
			name = DemoPlayer;
			productName = DemoPlayer;
			productReference = 2B04560A1F185A35005D8D82 /* DemoPlayer.app */;
			productType = "com.apple.product-type.application";
		};
/* End PBXNativeTarget section */

/* Begin PBXProject section */
		2B0455E31F1859EC005D8D82 /* Project object */ = {
			isa = PBXProject;
			attributes = {
				LastSwiftUpdateCheck = 0830;
				LastUpgradeCheck = 0830;
				ORGANIZATIONNAME = Li5;
				TargetAttributes = {
					2B0455EB1F1859EC005D8D82 = {
						CreatedOnToolsVersion = 8.3.3;
						DevelopmentTeam = B64365EYZ4;
						LastSwiftMigration = 0830;
						ProvisioningStyle = Automatic;
					};
					2B0455F41F1859EC005D8D82 = {
						CreatedOnToolsVersion = 8.3.3;
						DevelopmentTeam = B64365EYZ4;
						ProvisioningStyle = Automatic;
					};
					2B0456091F185A35005D8D82 = {
						CreatedOnToolsVersion = 8.3.3;
						DevelopmentTeam = B64365EYZ4;
						ProvisioningStyle = Automatic;
					};
				};
			};
			buildConfigurationList = 2B0455E61F1859EC005D8D82 /* Build configuration list for PBXProject "L5Player" */;
			compatibilityVersion = "Xcode 3.2";
			developmentRegion = English;
			hasScannedForEncodings = 0;
			knownRegions = (
				en,
				Base,
			);
			mainGroup = 2B0455E21F1859EC005D8D82;
			productRefGroup = 2B0455ED1F1859EC005D8D82 /* Products */;
			projectDirPath = "";
			projectRoot = "";
			targets = (
				2B0455EB1F1859EC005D8D82 /* L5Player */,
				2B0455F41F1859EC005D8D82 /* L5PlayerTests */,
				2B0456091F185A35005D8D82 /* DemoPlayer */,
			);
		};
/* End PBXProject section */

/* Begin PBXResourcesBuildPhase section */
		2B0455EA1F1859EC005D8D82 /* Resources */ = {
			isa = PBXResourcesBuildPhase;
			buildActionMask = 2147483647;
			files = (
			);
			runOnlyForDeploymentPostprocessing = 0;
		};
		2B0455F31F1859EC005D8D82 /* Resources */ = {
			isa = PBXResourcesBuildPhase;
			buildActionMask = 2147483647;
			files = (
			);
			runOnlyForDeploymentPostprocessing = 0;
		};
		2B0456081F185A35005D8D82 /* Resources */ = {
			isa = PBXResourcesBuildPhase;
			buildActionMask = 2147483647;
			files = (
				2B0456171F185A35005D8D82 /* LaunchScreen.storyboard in Resources */,
				2B0456141F185A35005D8D82 /* Assets.xcassets in Resources */,
				2B0456121F185A35005D8D82 /* Main.storyboard in Resources */,
			);
			runOnlyForDeploymentPostprocessing = 0;
		};
/* End PBXResourcesBuildPhase section */

/* Begin PBXSourcesBuildPhase section */
		2B0455E71F1859EC005D8D82 /* Sources */ = {
			isa = PBXSourcesBuildPhase;
			buildActionMask = 2147483647;
			files = (
				2B6DBA4D1F204588004A68AA /* L5PreloadingManagerProtocol.swift in Sources */,
				78B356C61F1FBACD007EBA17 /* L5PreloaderProtocol.swift in Sources */,
				78B356D11F1FCC36007EBA17 /* L5AssetStatus.swift in Sources */,
				78B356C81F1FBC33007EBA17 /* L5Asset.swift in Sources */,
				78B356CF1F1FCBB3007EBA17 /* L5PlayerBootstrap.swift in Sources */,
				78B356CA1F1FBDEB007EBA17 /* L5PreemptiveBufferPreloader.swift in Sources */,
				78B356D51F1FED28007EBA17 /* L5CommonPreloadingManager.swift in Sources */,
			);
			runOnlyForDeploymentPostprocessing = 0;
		};
		2B0455F11F1859EC005D8D82 /* Sources */ = {
			isa = PBXSourcesBuildPhase;
			buildActionMask = 2147483647;
			files = (
				2B0455FB1F1859EC005D8D82 /* L5PlayerTests.swift in Sources */,
			);
			runOnlyForDeploymentPostprocessing = 0;
		};
		2B0456061F185A35005D8D82 /* Sources */ = {
			isa = PBXSourcesBuildPhase;
			buildActionMask = 2147483647;
			files = (
				2B04560F1F185A35005D8D82 /* ViewController.swift in Sources */,
				2B04560D1F185A35005D8D82 /* AppDelegate.swift in Sources */,
			);
			runOnlyForDeploymentPostprocessing = 0;
		};
/* End PBXSourcesBuildPhase section */

/* Begin PBXTargetDependency section */
		2B0455F81F1859EC005D8D82 /* PBXTargetDependency */ = {
			isa = PBXTargetDependency;
			target = 2B0455EB1F1859EC005D8D82 /* L5Player */;
			targetProxy = 2B0455F71F1859EC005D8D82 /* PBXContainerItemProxy */;
		};
/* End PBXTargetDependency section */

/* Begin PBXVariantGroup section */
		2B0456101F185A35005D8D82 /* Main.storyboard */ = {
			isa = PBXVariantGroup;
			children = (
				2B0456111F185A35005D8D82 /* Base */,
			);
			name = Main.storyboard;
			sourceTree = "<group>";
		};
		2B0456151F185A35005D8D82 /* LaunchScreen.storyboard */ = {
			isa = PBXVariantGroup;
			children = (
				2B0456161F185A35005D8D82 /* Base */,
			);
			name = LaunchScreen.storyboard;
			sourceTree = "<group>";
		};
/* End PBXVariantGroup section */

/* Begin XCBuildConfiguration section */
		2B0455FE1F1859EC005D8D82 /* Debug */ = {
			isa = XCBuildConfiguration;
			buildSettings = {
				ALWAYS_SEARCH_USER_PATHS = NO;
				CLANG_ANALYZER_NONNULL = YES;
				CLANG_ANALYZER_NUMBER_OBJECT_CONVERSION = YES_AGGRESSIVE;
				CLANG_CXX_LANGUAGE_STANDARD = "gnu++0x";
				CLANG_CXX_LIBRARY = "libc++";
				CLANG_ENABLE_MODULES = YES;
				CLANG_ENABLE_OBJC_ARC = YES;
				CLANG_WARN_BOOL_CONVERSION = YES;
				CLANG_WARN_CONSTANT_CONVERSION = YES;
				CLANG_WARN_DIRECT_OBJC_ISA_USAGE = YES_ERROR;
				CLANG_WARN_DOCUMENTATION_COMMENTS = YES;
				CLANG_WARN_EMPTY_BODY = YES;
				CLANG_WARN_ENUM_CONVERSION = YES;
				CLANG_WARN_INFINITE_RECURSION = YES;
				CLANG_WARN_INT_CONVERSION = YES;
				CLANG_WARN_OBJC_ROOT_CLASS = YES_ERROR;
				CLANG_WARN_SUSPICIOUS_MOVE = YES;
				CLANG_WARN_UNREACHABLE_CODE = YES;
				CLANG_WARN__DUPLICATE_METHOD_MATCH = YES;
				"CODE_SIGN_IDENTITY[sdk=iphoneos*]" = "iPhone Developer";
				COPY_PHASE_STRIP = NO;
				CURRENT_PROJECT_VERSION = 1;
				DEBUG_INFORMATION_FORMAT = dwarf;
				ENABLE_STRICT_OBJC_MSGSEND = YES;
				ENABLE_TESTABILITY = YES;
				GCC_C_LANGUAGE_STANDARD = gnu99;
				GCC_DYNAMIC_NO_PIC = NO;
				GCC_NO_COMMON_BLOCKS = YES;
				GCC_OPTIMIZATION_LEVEL = 0;
				GCC_PREPROCESSOR_DEFINITIONS = (
					"DEBUG=1",
					"$(inherited)",
				);
				GCC_WARN_64_TO_32_BIT_CONVERSION = YES;
				GCC_WARN_ABOUT_RETURN_TYPE = YES_ERROR;
				GCC_WARN_UNDECLARED_SELECTOR = YES;
				GCC_WARN_UNINITIALIZED_AUTOS = YES_AGGRESSIVE;
				GCC_WARN_UNUSED_FUNCTION = YES;
				GCC_WARN_UNUSED_VARIABLE = YES;
				IPHONEOS_DEPLOYMENT_TARGET = 10.3;
				MTL_ENABLE_DEBUG_INFO = YES;
				ONLY_ACTIVE_ARCH = YES;
				SDKROOT = iphoneos;
				SWIFT_ACTIVE_COMPILATION_CONDITIONS = DEBUG;
				SWIFT_OPTIMIZATION_LEVEL = "-Onone";
				TARGETED_DEVICE_FAMILY = "1,2";
				VERSIONING_SYSTEM = "apple-generic";
				VERSION_INFO_PREFIX = "";
			};
			name = Debug;
		};
		2B0455FF1F1859EC005D8D82 /* Release */ = {
			isa = XCBuildConfiguration;
			buildSettings = {
				ALWAYS_SEARCH_USER_PATHS = NO;
				CLANG_ANALYZER_NONNULL = YES;
				CLANG_ANALYZER_NUMBER_OBJECT_CONVERSION = YES_AGGRESSIVE;
				CLANG_CXX_LANGUAGE_STANDARD = "gnu++0x";
				CLANG_CXX_LIBRARY = "libc++";
				CLANG_ENABLE_MODULES = YES;
				CLANG_ENABLE_OBJC_ARC = YES;
				CLANG_WARN_BOOL_CONVERSION = YES;
				CLANG_WARN_CONSTANT_CONVERSION = YES;
				CLANG_WARN_DIRECT_OBJC_ISA_USAGE = YES_ERROR;
				CLANG_WARN_DOCUMENTATION_COMMENTS = YES;
				CLANG_WARN_EMPTY_BODY = YES;
				CLANG_WARN_ENUM_CONVERSION = YES;
				CLANG_WARN_INFINITE_RECURSION = YES;
				CLANG_WARN_INT_CONVERSION = YES;
				CLANG_WARN_OBJC_ROOT_CLASS = YES_ERROR;
				CLANG_WARN_SUSPICIOUS_MOVE = YES;
				CLANG_WARN_UNREACHABLE_CODE = YES;
				CLANG_WARN__DUPLICATE_METHOD_MATCH = YES;
				"CODE_SIGN_IDENTITY[sdk=iphoneos*]" = "iPhone Developer";
				COPY_PHASE_STRIP = NO;
				CURRENT_PROJECT_VERSION = 1;
				DEBUG_INFORMATION_FORMAT = "dwarf-with-dsym";
				ENABLE_NS_ASSERTIONS = NO;
				ENABLE_STRICT_OBJC_MSGSEND = YES;
				GCC_C_LANGUAGE_STANDARD = gnu99;
				GCC_NO_COMMON_BLOCKS = YES;
				GCC_WARN_64_TO_32_BIT_CONVERSION = YES;
				GCC_WARN_ABOUT_RETURN_TYPE = YES_ERROR;
				GCC_WARN_UNDECLARED_SELECTOR = YES;
				GCC_WARN_UNINITIALIZED_AUTOS = YES_AGGRESSIVE;
				GCC_WARN_UNUSED_FUNCTION = YES;
				GCC_WARN_UNUSED_VARIABLE = YES;
				IPHONEOS_DEPLOYMENT_TARGET = 10.3;
				MTL_ENABLE_DEBUG_INFO = NO;
				SDKROOT = iphoneos;
				SWIFT_OPTIMIZATION_LEVEL = "-Owholemodule";
				TARGETED_DEVICE_FAMILY = "1,2";
				VALIDATE_PRODUCT = YES;
				VERSIONING_SYSTEM = "apple-generic";
				VERSION_INFO_PREFIX = "";
			};
			name = Release;
		};
		2B0456011F1859EC005D8D82 /* Debug */ = {
			isa = XCBuildConfiguration;
			buildSettings = {
				CLANG_ENABLE_MODULES = YES;
				CODE_SIGN_IDENTITY = "";
				DEFINES_MODULE = YES;
				DEVELOPMENT_TEAM = B64365EYZ4;
				DYLIB_COMPATIBILITY_VERSION = 1;
				DYLIB_CURRENT_VERSION = 1;
				DYLIB_INSTALL_NAME_BASE = "@rpath";
				FRAMEWORK_SEARCH_PATHS = (
					"$(inherited)",
					"$(PROJECT_DIR)/Carthage/Build/iOS",
				);
				INFOPLIST_FILE = L5Player/Info.plist;
				INSTALL_PATH = "$(LOCAL_LIBRARY_DIR)/Frameworks";
				LD_RUNPATH_SEARCH_PATHS = "$(inherited) @executable_path/Frameworks @loader_path/Frameworks";
				PRODUCT_BUNDLE_IDENTIFIER = com.li5.li5player;
				PRODUCT_NAME = "$(TARGET_NAME)";
				SKIP_INSTALL = YES;
				SWIFT_OPTIMIZATION_LEVEL = "-Onone";
				SWIFT_VERSION = 3.0;
			};
			name = Debug;
		};
		2B0456021F1859EC005D8D82 /* Release */ = {
			isa = XCBuildConfiguration;
			buildSettings = {
				CLANG_ENABLE_MODULES = YES;
				CODE_SIGN_IDENTITY = "";
				DEFINES_MODULE = YES;
				DEVELOPMENT_TEAM = B64365EYZ4;
				DYLIB_COMPATIBILITY_VERSION = 1;
				DYLIB_CURRENT_VERSION = 1;
				DYLIB_INSTALL_NAME_BASE = "@rpath";
				FRAMEWORK_SEARCH_PATHS = (
					"$(inherited)",
					"$(PROJECT_DIR)/Carthage/Build/iOS",
				);
				INFOPLIST_FILE = L5Player/Info.plist;
				INSTALL_PATH = "$(LOCAL_LIBRARY_DIR)/Frameworks";
				LD_RUNPATH_SEARCH_PATHS = "$(inherited) @executable_path/Frameworks @loader_path/Frameworks";
				PRODUCT_BUNDLE_IDENTIFIER = com.li5.li5player;
				PRODUCT_NAME = "$(TARGET_NAME)";
				SKIP_INSTALL = YES;
				SWIFT_VERSION = 3.0;
			};
			name = Release;
		};
		2B0456041F1859EC005D8D82 /* Debug */ = {
			isa = XCBuildConfiguration;
			buildSettings = {
				ALWAYS_EMBED_SWIFT_STANDARD_LIBRARIES = YES;
				DEVELOPMENT_TEAM = B64365EYZ4;
				INFOPLIST_FILE = L5PlayerTests/Info.plist;
				LD_RUNPATH_SEARCH_PATHS = "$(inherited) @executable_path/Frameworks @loader_path/Frameworks";
				PRODUCT_BUNDLE_IDENTIFIER = com.li5.L5PlayerTests;
				PRODUCT_NAME = "$(TARGET_NAME)";
				SWIFT_VERSION = 3.0;
			};
			name = Debug;
		};
		2B0456051F1859EC005D8D82 /* Release */ = {
			isa = XCBuildConfiguration;
			buildSettings = {
				ALWAYS_EMBED_SWIFT_STANDARD_LIBRARIES = YES;
				DEVELOPMENT_TEAM = B64365EYZ4;
				INFOPLIST_FILE = L5PlayerTests/Info.plist;
				LD_RUNPATH_SEARCH_PATHS = "$(inherited) @executable_path/Frameworks @loader_path/Frameworks";
				PRODUCT_BUNDLE_IDENTIFIER = com.li5.L5PlayerTests;
				PRODUCT_NAME = "$(TARGET_NAME)";
				SWIFT_VERSION = 3.0;
			};
			name = Release;
		};
		2B04561A1F185A35005D8D82 /* Debug */ = {
			isa = XCBuildConfiguration;
			buildSettings = {
				ASSETCATALOG_COMPILER_APPICON_NAME = AppIcon;
				DEVELOPMENT_TEAM = B64365EYZ4;
				INFOPLIST_FILE = DemoPlayer/Info.plist;
				LD_RUNPATH_SEARCH_PATHS = "$(inherited) @executable_path/Frameworks";
				PRODUCT_BUNDLE_IDENTIFIER = com.li5.li5player.demo;
				PRODUCT_NAME = "$(TARGET_NAME)";
				SWIFT_VERSION = 3.0;
			};
			name = Debug;
		};
		2B04561B1F185A35005D8D82 /* Release */ = {
			isa = XCBuildConfiguration;
			buildSettings = {
				ASSETCATALOG_COMPILER_APPICON_NAME = AppIcon;
				DEVELOPMENT_TEAM = B64365EYZ4;
				INFOPLIST_FILE = DemoPlayer/Info.plist;
				LD_RUNPATH_SEARCH_PATHS = "$(inherited) @executable_path/Frameworks";
				PRODUCT_BUNDLE_IDENTIFIER = com.li5.li5player.demo;
				PRODUCT_NAME = "$(TARGET_NAME)";
				SWIFT_VERSION = 3.0;
			};
			name = Release;
		};
/* End XCBuildConfiguration section */

/* Begin XCConfigurationList section */
		2B0455E61F1859EC005D8D82 /* Build configuration list for PBXProject "L5Player" */ = {
			isa = XCConfigurationList;
			buildConfigurations = (
				2B0455FE1F1859EC005D8D82 /* Debug */,
				2B0455FF1F1859EC005D8D82 /* Release */,
			);
			defaultConfigurationIsVisible = 0;
			defaultConfigurationName = Release;
		};
		2B0456001F1859EC005D8D82 /* Build configuration list for PBXNativeTarget "L5Player" */ = {
			isa = XCConfigurationList;
			buildConfigurations = (
				2B0456011F1859EC005D8D82 /* Debug */,
				2B0456021F1859EC005D8D82 /* Release */,
			);
			defaultConfigurationIsVisible = 0;
			defaultConfigurationName = Release;
		};
		2B0456031F1859EC005D8D82 /* Build configuration list for PBXNativeTarget "L5PlayerTests" */ = {
			isa = XCConfigurationList;
			buildConfigurations = (
				2B0456041F1859EC005D8D82 /* Debug */,
				2B0456051F1859EC005D8D82 /* Release */,
			);
			defaultConfigurationIsVisible = 0;
			defaultConfigurationName = Release;
		};
		2B0456191F185A35005D8D82 /* Build configuration list for PBXNativeTarget "DemoPlayer" */ = {
			isa = XCConfigurationList;
			buildConfigurations = (
				2B04561A1F185A35005D8D82 /* Debug */,
				2B04561B1F185A35005D8D82 /* Release */,
			);
			defaultConfigurationIsVisible = 0;
			defaultConfigurationName = Release;
		};
/* End XCConfigurationList section */
	};
	rootObject = 2B0455E31F1859EC005D8D82 /* Project object */;
}
